// !$*UTF8*$!
{
	archiveVersion = 1;
	classes = {
	};
	objectVersion = 46;
	objects = {

/* Begin PBXBuildFile section */
		7A820C571BA94CD800419F5A /* AppDelegate.swift in Sources */ = {isa = PBXBuildFile; fileRef = 7A820C561BA94CD800419F5A /* AppDelegate.swift */; };
		7A820C591BA94CD800419F5A /* ViewController.swift in Sources */ = {isa = PBXBuildFile; fileRef = 7A820C581BA94CD800419F5A /* ViewController.swift */; };
		7A820C5C1BA94CD800419F5A /* Main.storyboard in Resources */ = {isa = PBXBuildFile; fileRef = 7A820C5A1BA94CD800419F5A /* Main.storyboard */; };
		7A820C5E1BA94CD800419F5A /* Images.xcassets in Resources */ = {isa = PBXBuildFile; fileRef = 7A820C5D1BA94CD800419F5A /* Images.xcassets */; };
		7A820C611BA94CD800419F5A /* LaunchScreen.xib in Resources */ = {isa = PBXBuildFile; fileRef = 7A820C5F1BA94CD800419F5A /* LaunchScreen.xib */; };
		7A820C6D1BA94CD800419F5A /* CocoaPodsTestAppTests.swift in Sources */ = {isa = PBXBuildFile; fileRef = 7A820C6C1BA94CD800419F5A /* CocoaPodsTestAppTests.swift */; };
/* End PBXBuildFile section */

/* Begin PBXContainerItemProxy section */
		7A820C671BA94CD800419F5A /* PBXContainerItemProxy */ = {
			isa = PBXContainerItemProxy;
			containerPortal = 7A820C491BA94CD700419F5A /* Project object */;
			proxyType = 1;
			remoteGlobalIDString = 7A820C501BA94CD700419F5A;
			remoteInfo = CocoaPodsTestApp;
		};
/* End PBXContainerItemProxy section */

/* Begin PBXFileReference section */
		7A820C511BA94CD800419F5A /* CocoaPodsTestApp.app */ = {isa = PBXFileReference; explicitFileType = wrapper.application; includeInIndex = 0; path = CocoaPodsTestApp.app; sourceTree = BUILT_PRODUCTS_DIR; };
		7A820C551BA94CD800419F5A /* Info.plist */ = {isa = PBXFileReference; lastKnownFileType = text.plist.xml; path = Info.plist; sourceTree = "<group>"; };
		7A820C561BA94CD800419F5A /* AppDelegate.swift */ = {isa = PBXFileReference; lastKnownFileType = sourcecode.swift; path = AppDelegate.swift; sourceTree = "<group>"; };
		7A820C581BA94CD800419F5A /* ViewController.swift */ = {isa = PBXFileReference; lastKnownFileType = sourcecode.swift; path = ViewController.swift; sourceTree = "<group>"; };
		7A820C5B1BA94CD800419F5A /* Base */ = {isa = PBXFileReference; lastKnownFileType = file.storyboard; name = Base; path = Base.lproj/Main.storyboard; sourceTree = "<group>"; };
		7A820C5D1BA94CD800419F5A /* Images.xcassets */ = {isa = PBXFileReference; lastKnownFileType = folder.assetcatalog; path = Images.xcassets; sourceTree = "<group>"; };
		7A820C601BA94CD800419F5A /* Base */ = {isa = PBXFileReference; lastKnownFileType = file.xib; name = Base; path = Base.lproj/LaunchScreen.xib; sourceTree = "<group>"; };
		7A820C661BA94CD800419F5A /* CocoaPodsTestAppTests.xctest */ = {isa = PBXFileReference; explicitFileType = wrapper.cfbundle; includeInIndex = 0; path = CocoaPodsTestAppTests.xctest; sourceTree = BUILT_PRODUCTS_DIR; };
		7A820C6B1BA94CD800419F5A /* Info.plist */ = {isa = PBXFileReference; lastKnownFileType = text.plist.xml; path = Info.plist; sourceTree = "<group>"; };
		7A820C6C1BA94CD800419F5A /* CocoaPodsTestAppTests.swift */ = {isa = PBXFileReference; lastKnownFileType = sourcecode.swift; path = CocoaPodsTestAppTests.swift; sourceTree = "<group>"; };
/* End PBXFileReference section */

/* Begin PBXFrameworksBuildPhase section */
		7A820C4E1BA94CD700419F5A /* Frameworks */ = {
			isa = PBXFrameworksBuildPhase;
			buildActionMask = 2147483647;
			files = (
			);
			runOnlyForDeploymentPostprocessing = 0;
		};
		7A820C631BA94CD800419F5A /* Frameworks */ = {
			isa = PBXFrameworksBuildPhase;
			buildActionMask = 2147483647;
			files = (
			);
			runOnlyForDeploymentPostprocessing = 0;
		};
/* End PBXFrameworksBuildPhase section */

/* Begin PBXGroup section */
		7A820C481BA94CD700419F5A = {
			isa = PBXGroup;
			children = (
				7A820C531BA94CD800419F5A /* CocoaPodsTestApp */,
				7A820C691BA94CD800419F5A /* CocoaPodsTestAppTests */,
				7A820C521BA94CD800419F5A /* Products */,
			);
			sourceTree = "<group>";
		};
		7A820C521BA94CD800419F5A /* Products */ = {
			isa = PBXGroup;
			children = (
				7A820C511BA94CD800419F5A /* CocoaPodsTestApp.app */,
				7A820C661BA94CD800419F5A /* CocoaPodsTestAppTests.xctest */,
			);
			name = Products;
			sourceTree = "<group>";
		};
		7A820C531BA94CD800419F5A /* CocoaPodsTestApp */ = {
			isa = PBXGroup;
			children = (
				7A820C561BA94CD800419F5A /* AppDelegate.swift */,
				7A820C581BA94CD800419F5A /* ViewController.swift */,
				7A820C5A1BA94CD800419F5A /* Main.storyboard */,
				7A820C5D1BA94CD800419F5A /* Images.xcassets */,
				7A820C5F1BA94CD800419F5A /* LaunchScreen.xib */,
				7A820C541BA94CD800419F5A /* Supporting Files */,
			);
			path = CocoaPodsTestApp;
			sourceTree = "<group>";
		};
		7A820C541BA94CD800419F5A /* Supporting Files */ = {
			isa = PBXGroup;
			children = (
				7A820C551BA94CD800419F5A /* Info.plist */,
			);
			name = "Supporting Files";
			sourceTree = "<group>";
		};
		7A820C691BA94CD800419F5A /* CocoaPodsTestAppTests */ = {
			isa = PBXGroup;
			children = (
				7A820C6C1BA94CD800419F5A /* CocoaPodsTestAppTests.swift */,
				7A820C6A1BA94CD800419F5A /* Supporting Files */,
			);
			path = CocoaPodsTestAppTests;
			sourceTree = "<group>";
		};
		7A820C6A1BA94CD800419F5A /* Supporting Files */ = {
			isa = PBXGroup;
			children = (
				7A820C6B1BA94CD800419F5A /* Info.plist */,
			);
			name = "Supporting Files";
			sourceTree = "<group>";
		};
/* End PBXGroup section */

/* Begin PBXNativeTarget section */
		7A820C501BA94CD700419F5A /* CocoaPodsTestApp */ = {
			isa = PBXNativeTarget;
			buildConfigurationList = 7A820C701BA94CD800419F5A /* Build configuration list for PBXNativeTarget "CocoaPodsTestApp" */;
			buildPhases = (
				7A820C4D1BA94CD700419F5A /* Sources */,
				7A820C4E1BA94CD700419F5A /* Frameworks */,
				7A820C4F1BA94CD700419F5A /* Resources */,
			);
			buildRules = (
			);
			dependencies = (
			);
			name = CocoaPodsTestApp;
			productName = CocoaPodsTestApp;
			productReference = 7A820C511BA94CD800419F5A /* CocoaPodsTestApp.app */;
			productType = "com.apple.product-type.application";
		};
		7A820C651BA94CD800419F5A /* CocoaPodsTestAppTests */ = {
			isa = PBXNativeTarget;
			buildConfigurationList = 7A820C731BA94CD800419F5A /* Build configuration list for PBXNativeTarget "CocoaPodsTestAppTests" */;
			buildPhases = (
				7A820C621BA94CD800419F5A /* Sources */,
				7A820C631BA94CD800419F5A /* Frameworks */,
				7A820C641BA94CD800419F5A /* Resources */,
			);
			buildRules = (
			);
			dependencies = (
				7A820C681BA94CD800419F5A /* PBXTargetDependency */,
			);
			name = CocoaPodsTestAppTests;
			productName = CocoaPodsTestAppTests;
			productReference = 7A820C661BA94CD800419F5A /* CocoaPodsTestAppTests.xctest */;
			productType = "com.apple.product-type.bundle.unit-test";
		};
/* End PBXNativeTarget section */

/* Begin PBXProject section */
		7A820C491BA94CD700419F5A /* Project object */ = {
			isa = PBXProject;
			attributes = {
				LastUpgradeCheck = 0640;
				ORGANIZATIONNAME = esminc;
				TargetAttributes = {
					7A820C501BA94CD700419F5A = {
						CreatedOnToolsVersion = 6.4;
					};
					7A820C651BA94CD800419F5A = {
						CreatedOnToolsVersion = 6.4;
						TestTargetID = 7A820C501BA94CD700419F5A;
					};
				};
			};
			buildConfigurationList = 7A820C4C1BA94CD700419F5A /* Build configuration list for PBXProject "CocoaPodsTestApp" */;
			compatibilityVersion = "Xcode 3.2";
			developmentRegion = English;
			hasScannedForEncodings = 0;
			knownRegions = (
				en,
				Base,
			);
			mainGroup = 7A820C481BA94CD700419F5A;
			productRefGroup = 7A820C521BA94CD800419F5A /* Products */;
			projectDirPath = "";
			projectRoot = "";
			targets = (
				7A820C501BA94CD700419F5A /* CocoaPodsTestApp */,
				7A820C651BA94CD800419F5A /* CocoaPodsTestAppTests */,
			);
		};
/* End PBXProject section */

/* Begin PBXResourcesBuildPhase section */
		7A820C4F1BA94CD700419F5A /* Resources */ = {
			isa = PBXResourcesBuildPhase;
			buildActionMask = 2147483647;
			files = (
				7A820C5C1BA94CD800419F5A /* Main.storyboard in Resources */,
				7A820C611BA94CD800419F5A /* LaunchScreen.xib in Resources */,
				7A820C5E1BA94CD800419F5A /* Images.xcassets in Resources */,
			);
			runOnlyForDeploymentPostprocessing = 0;
		};
		7A820C641BA94CD800419F5A /* Resources */ = {
			isa = PBXResourcesBuildPhase;
			buildActionMask = 2147483647;
			files = (
			);
			runOnlyForDeploymentPostprocessing = 0;
		};
/* End PBXResourcesBuildPhase section */

/* Begin PBXSourcesBuildPhase section */
		7A820C4D1BA94CD700419F5A /* Sources */ = {
			isa = PBXSourcesBuildPhase;
			buildActionMask = 2147483647;
			files = (
				7A820C591BA94CD800419F5A /* ViewController.swift in Sources */,
				7A820C571BA94CD800419F5A /* AppDelegate.swift in Sources */,
			);
			runOnlyForDeploymentPostprocessing = 0;
		};
		7A820C621BA94CD800419F5A /* Sources */ = {
			isa = PBXSourcesBuildPhase;
			buildActionMask = 2147483647;
			files = (
				7A820C6D1BA94CD800419F5A /* CocoaPodsTestAppTests.swift in Sources */,
			);
			runOnlyForDeploymentPostprocessing = 0;
		};
/* End PBXSourcesBuildPhase section */

/* Begin PBXTargetDependency section */
		7A820C681BA94CD800419F5A /* PBXTargetDependency */ = {
			isa = PBXTargetDependency;
			target = 7A820C501BA94CD700419F5A /* CocoaPodsTestApp */;
			targetProxy = 7A820C671BA94CD800419F5A /* PBXContainerItemProxy */;
		};
/* End PBXTargetDependency section */

/* Begin PBXVariantGroup section */
		7A820C5A1BA94CD800419F5A /* Main.storyboard */ = {
			isa = PBXVariantGroup;
			children = (
				7A820C5B1BA94CD800419F5A /* Base */,
			);
			name = Main.storyboard;
			sourceTree = "<group>";
		};
		7A820C5F1BA94CD800419F5A /* LaunchScreen.xib */ = {
			isa = PBXVariantGroup;
			children = (
				7A820C601BA94CD800419F5A /* Base */,
			);
			name = LaunchScreen.xib;
			sourceTree = "<group>";
		};
/* End PBXVariantGroup section */

/* Begin XCBuildConfiguration section */
		7A820C6E1BA94CD800419F5A /* Debug */ = {
			isa = XCBuildConfiguration;
			buildSettings = {
				ALWAYS_SEARCH_USER_PATHS = NO;
				CLANG_CXX_LANGUAGE_STANDARD = "gnu++0x";
				CLANG_CXX_LIBRARY = "libc++";
				CLANG_ENABLE_MODULES = YES;
				CLANG_ENABLE_OBJC_ARC = YES;
				CLANG_WARN_BOOL_CONVERSION = YES;
				CLANG_WARN_CONSTANT_CONVERSION = YES;
				CLANG_WARN_DIRECT_OBJC_ISA_USAGE = YES_ERROR;
				CLANG_WARN_EMPTY_BODY = YES;
				CLANG_WARN_ENUM_CONVERSION = YES;
				CLANG_WARN_INT_CONVERSION = YES;
				CLANG_WARN_OBJC_ROOT_CLASS = YES_ERROR;
				CLANG_WARN_UNREACHABLE_CODE = YES;
				CLANG_WARN__DUPLICATE_METHOD_MATCH = YES;
				"CODE_SIGN_IDENTITY[sdk=iphoneos*]" = "iPhone Developer";
				COPY_PHASE_STRIP = NO;
				DEBUG_INFORMATION_FORMAT = "dwarf-with-dsym";
				ENABLE_STRICT_OBJC_MSGSEND = YES;
				GCC_C_LANGUAGE_STANDARD = gnu99;
				GCC_DYNAMIC_NO_PIC = NO;
				GCC_NO_COMMON_BLOCKS = YES;
				GCC_OPTIMIZATION_LEVEL = 0;
				GCC_PREPROCESSOR_DEFINITIONS = (
					"DEBUG=1",
					"$(inherited)",
				);
				GCC_SYMBOLS_PRIVATE_EXTERN = NO;
				GCC_WARN_64_TO_32_BIT_CONVERSION = YES;
				GCC_WARN_ABOUT_RETURN_TYPE = YES_ERROR;
				GCC_WARN_UNDECLARED_SELECTOR = YES;
				GCC_WARN_UNINITIALIZED_AUTOS = YES_AGGRESSIVE;
				GCC_WARN_UNUSED_FUNCTION = YES;
				GCC_WARN_UNUSED_VARIABLE = YES;
				IPHONEOS_DEPLOYMENT_TARGET = 8.4;
				MTL_ENABLE_DEBUG_INFO = YES;
				ONLY_ACTIVE_ARCH = YES;
				SDKROOT = iphoneos;
				SWIFT_OPTIMIZATION_LEVEL = "-Onone";
				TARGETED_DEVICE_FAMILY = "1,2";
			};
			name = Debug;
		};
		7A820C6F1BA94CD800419F5A /* Release */ = {
			isa = XCBuildConfiguration;
			buildSettings = {
				ALWAYS_SEARCH_USER_PATHS = NO;
				CLANG_CXX_LANGUAGE_STANDARD = "gnu++0x";
				CLANG_CXX_LIBRARY = "libc++";
				CLANG_ENABLE_MODULES = YES;
				CLANG_ENABLE_OBJC_ARC = YES;
				CLANG_WARN_BOOL_CONVERSION = YES;
				CLANG_WARN_CONSTANT_CONVERSION = YES;
				CLANG_WARN_DIRECT_OBJC_ISA_USAGE = YES_ERROR;
				CLANG_WARN_EMPTY_BODY = YES;
				CLANG_WARN_ENUM_CONVERSION = YES;
				CLANG_WARN_INT_CONVERSION = YES;
				CLANG_WARN_OBJC_ROOT_CLASS = YES_ERROR;
				CLANG_WARN_UNREACHABLE_CODE = YES;
				CLANG_WARN__DUPLICATE_METHOD_MATCH = YES;
				"CODE_SIGN_IDENTITY[sdk=iphoneos*]" = "iPhone Developer";
				COPY_PHASE_STRIP = NO;
				DEBUG_INFORMATION_FORMAT = "dwarf-with-dsym";
				ENABLE_NS_ASSERTIONS = NO;
				ENABLE_STRICT_OBJC_MSGSEND = YES;
				GCC_C_LANGUAGE_STANDARD = gnu99;
				GCC_NO_COMMON_BLOCKS = YES;
				GCC_WARN_64_TO_32_BIT_CONVERSION = YES;
				GCC_WARN_ABOUT_RETURN_TYPE = YES_ERROR;
				GCC_WARN_UNDECLARED_SELECTOR = YES;
				GCC_WARN_UNINITIALIZED_AUTOS = YES_AGGRESSIVE;
				GCC_WARN_UNUSED_FUNCTION = YES;
				GCC_WARN_UNUSED_VARIABLE = YES;
				IPHONEOS_DEPLOYMENT_TARGET = 8.4;
				MTL_ENABLE_DEBUG_INFO = NO;
				SDKROOT = iphoneos;
				TARGETED_DEVICE_FAMILY = "1,2";
				VALIDATE_PRODUCT = YES;
			};
			name = Release;
		};
		7A820C711BA94CD800419F5A /* Debug */ = {
			isa = XCBuildConfiguration;
			buildSettings = {
				ASSETCATALOG_COMPILER_APPICON_NAME = AppIcon;
				INFOPLIST_FILE = CocoaPodsTestApp/Info.plist;
				LD_RUNPATH_SEARCH_PATHS = "$(inherited) @executable_path/Frameworks";
				PRODUCT_NAME = "$(TARGET_NAME)";
			};
			name = Debug;
		};
		7A820C721BA94CD800419F5A /* Release */ = {
			isa = XCBuildConfiguration;
			buildSettings = {
				ASSETCATALOG_COMPILER_APPICON_NAME = AppIcon;
				INFOPLIST_FILE = CocoaPodsTestApp/Info.plist;
				LD_RUNPATH_SEARCH_PATHS = "$(inherited) @executable_path/Frameworks";
				PRODUCT_NAME = "$(TARGET_NAME)";
			};
			name = Release;
		};
		7A820C741BA94CD800419F5A /* Debug */ = {
			isa = XCBuildConfiguration;
			buildSettings = {
				BUNDLE_LOADER = "$(TEST_HOST)";
				FRAMEWORK_SEARCH_PATHS = (
					"$(SDKROOT)/Developer/Library/Frameworks",
					"$(inherited)",
				);
				GCC_PREPROCESSOR_DEFINITIONS = (
					"DEBUG=1",
					"$(inherited)",
				);
				INFOPLIST_FILE = CocoaPodsTestAppTests/Info.plist;
				LD_RUNPATH_SEARCH_PATHS = "$(inherited) @executable_path/Frameworks @loader_path/Frameworks";
				PRODUCT_NAME = "$(TARGET_NAME)";
				TEST_HOST = "$(BUILT_PRODUCTS_DIR)/CocoaPodsTestApp.app/CocoaPodsTestApp";
			};
			name = Debug;
		};
		7A820C751BA94CD800419F5A /* Release */ = {
			isa = XCBuildConfiguration;
			buildSettings = {
				BUNDLE_LOADER = "$(TEST_HOST)";
				FRAMEWORK_SEARCH_PATHS = (
					"$(SDKROOT)/Developer/Library/Frameworks",
					"$(inherited)",
				);
				INFOPLIST_FILE = CocoaPodsTestAppTests/Info.plist;
				LD_RUNPATH_SEARCH_PATHS = "$(inherited) @executable_path/Frameworks @loader_path/Frameworks";
				PRODUCT_NAME = "$(TARGET_NAME)";
				TEST_HOST = "$(BUILT_PRODUCTS_DIR)/CocoaPodsTestApp.app/CocoaPodsTestApp";
			};
			name = Release;
		};
/* End XCBuildConfiguration section */

/* Begin XCConfigurationList section */
		7A820C4C1BA94CD700419F5A /* Build configuration list for PBXProject "CocoaPodsTestApp" */ = {
			isa = XCConfigurationList;
			buildConfigurations = (
				7A820C6E1BA94CD800419F5A /* Debug */,
				7A820C6F1BA94CD800419F5A /* Release */,
			);
			defaultConfigurationIsVisible = 0;
			defaultConfigurationName = Release;
		};
		7A820C701BA94CD800419F5A /* Build configuration list for PBXNativeTarget "CocoaPodsTestApp" */ = {
			isa = XCConfigurationList;
			buildConfigurations = (
				7A820C711BA94CD800419F5A /* Debug */,
				7A820C721BA94CD800419F5A /* Release */,
			);
			defaultConfigurationIsVisible = 0;
		};
		7A820C731BA94CD800419F5A /* Build configuration list for PBXNativeTarget "CocoaPodsTestAppTests" */ = {
			isa = XCConfigurationList;
			buildConfigurations = (
				7A820C741BA94CD800419F5A /* Debug */,
				7A820C751BA94CD800419F5A /* Release */,
			);
			defaultConfigurationIsVisible = 0;
		};
/* End XCConfigurationList section */
	};
	rootObject = 7A820C491BA94CD700419F5A /* Project object */;
}
